
Microsoft Visual Studio Solution File, Format Version 12.00
Project("{FAE04EC0-301F-11D3-BF4B-00C04F79EFBC}") = "FigureStorage.API", "FigureStorage.API\FigureStorage.API.csproj", "{AD28E761-B57A-46E1-9511-1FE723DF6B3D}"
EndProject
Project("{FAE04EC0-301F-11D3-BF4B-00C04F79EFBC}") = "FigureStorage.Models", "FigureStorage.Models\FigureStorage.Models.csproj", "{D6FD803F-1870-40E2-9DF0-377FD90BA25A}"
EndProject
Project("{FAE04EC0-301F-11D3-BF4B-00C04F79EFBC}") = "FigureStorage.Repo", "FigureStorage.Repo\FigureStorage.Repo.csproj", "{1F373C04-EDEB-4048-97B0-95FF66604F78}"
EndProject
Project("{FAE04EC0-301F-11D3-BF4B-00C04F79EFBC}") = "FigureStorage.Test", "FigureStorage.Test\FigureStorage.Test.csproj", "{0850841C-C07C-4C67-85EC-391174FA23EA}"
EndProject
Project("{FAE04EC0-301F-11D3-BF4B-00C04F79EFBC}") = "FigureStorage.DTO", "FigureStorage.DTO\FigureStorage.DTO.csproj", "{4C89643E-63C3-414F-8E7B-1D84BAD19E09}"
EndProject
Global
	GlobalSection(SolutionConfigurationPlatforms) = preSolution
		Debug|Any CPU = Debug|Any CPU
		Release|Any CPU = Release|Any CPU
	EndGlobalSection
	GlobalSection(ProjectConfigurationPlatforms) = postSolution
		{AD28E761-B57A-46E1-9511-1FE723DF6B3D}.Debug|Any CPU.ActiveCfg = Debug|Any CPU
		{AD28E761-B57A-46E1-9511-1FE723DF6B3D}.Debug|Any CPU.Build.0 = Debug|Any CPU
		{AD28E761-B57A-46E1-9511-1FE723DF6B3D}.Release|Any CPU.ActiveCfg = Release|Any CPU
		{AD28E761-B57A-46E1-9511-1FE723DF6B3D}.Release|Any CPU.Build.0 = Release|Any CPU
		{D6FD803F-1870-40E2-9DF0-377FD90BA25A}.Debug|Any CPU.ActiveCfg = Debug|Any CPU
		{D6FD803F-1870-40E2-9DF0-377FD90BA25A}.Debug|Any CPU.Build.0 = Debug|Any CPU
		{D6FD803F-1870-40E2-9DF0-377FD90BA25A}.Release|Any CPU.ActiveCfg = Release|Any CPU
		{D6FD803F-1870-40E2-9DF0-377FD90BA25A}.Release|Any CPU.Build.0 = Release|Any CPU
		{1F373C04-EDEB-4048-97B0-95FF66604F78}.Debug|Any CPU.ActiveCfg = Debug|Any CPU
		{1F373C04-EDEB-4048-97B0-95FF66604F78}.Debug|Any CPU.Build.0 = Debug|Any CPU
		{1F373C04-EDEB-4048-97B0-95FF66604F78}.Release|Any CPU.ActiveCfg = Release|Any CPU
		{1F373C04-EDEB-4048-97B0-95FF66604F78}.Release|Any CPU.Build.0 = Release|Any CPU
		{0850841C-C07C-4C67-85EC-391174FA23EA}.Debug|Any CPU.ActiveCfg = Debug|Any CPU
		{0850841C-C07C-4C67-85EC-391174FA23EA}.Debug|Any CPU.Build.0 = Debug|Any CPU
		{0850841C-C07C-4C67-85EC-391174FA23EA}.Release|Any CPU.ActiveCfg = Release|Any CPU
		{0850841C-C07C-4C67-85EC-391174FA23EA}.Release|Any CPU.Build.0 = Release|Any CPU
		{4C89643E-63C3-414F-8E7B-1D84BAD19E09}.Debug|Any CPU.ActiveCfg = Debug|Any CPU
		{4C89643E-63C3-414F-8E7B-1D84BAD19E09}.Debug|Any CPU.Build.0 = Debug|Any CPU
		{4C89643E-63C3-414F-8E7B-1D84BAD19E09}.Release|Any CPU.ActiveCfg = Release|Any CPU
		{4C89643E-63C3-414F-8E7B-1D84BAD19E09}.Release|Any CPU.Build.0 = Release|Any CPU
	EndGlobalSection
EndGlobal
